
Microsoft Visual Studio Solution File, Format Version 12.00
# Visual Studio 14
VisualStudioVersion = 14.0.24720.0
MinimumVisualStudioVersion = 10.0.40219.1
Project("{FAE04EC0-301F-11D3-BF4B-00C04F79EFBC}") = "UserSearch", "UserSearch\UserSearch.csproj", "{389B8A1E-A168-4751-9D43-6B0B6CBA760B}"
EndProject
Project("{FAE04EC0-301F-11D3-BF4B-00C04F79EFBC}") = "SearchUnitTest", "SearchUnitTest\SearchUnitTest.csproj", "{EDA958B5-EE37-47DD-BCF6-579BE47DD6F8}"
EndProject
Global
	GlobalSection(SolutionConfigurationPlatforms) = preSolution
		Debug|Any CPU = Debug|Any CPU
		Debug|ARM = Debug|ARM
		Debug|x64 = Debug|x64
		Debug|x86 = Debug|x86
		Release|Any CPU = Release|Any CPU
		Release|ARM = Release|ARM
		Release|x64 = Release|x64
		Release|x86 = Release|x86
	EndGlobalSection
	GlobalSection(ProjectConfigurationPlatforms) = postSolution
		{389B8A1E-A168-4751-9D43-6B0B6CBA760B}.Debug|Any CPU.ActiveCfg = Debug|Any CPU
		{389B8A1E-A168-4751-9D43-6B0B6CBA760B}.Debug|Any CPU.Build.0 = Debug|Any CPU
		{389B8A1E-A168-4751-9D43-6B0B6CBA760B}.Debug|ARM.ActiveCfg = Debug|Any CPU
		{389B8A1E-A168-4751-9D43-6B0B6CBA760B}.Debug|ARM.Build.0 = Debug|Any CPU
		{389B8A1E-A168-4751-9D43-6B0B6CBA760B}.Debug|x64.ActiveCfg = Debug|Any CPU
		{389B8A1E-A168-4751-9D43-6B0B6CBA760B}.Debug|x64.Build.0 = Debug|Any CPU
		{389B8A1E-A168-4751-9D43-6B0B6CBA760B}.Debug|x86.ActiveCfg = Debug|Any CPU
		{389B8A1E-A168-4751-9D43-6B0B6CBA760B}.Debug|x86.Build.0 = Debug|Any CPU
		{389B8A1E-A168-4751-9D43-6B0B6CBA760B}.Release|Any CPU.ActiveCfg = Release|Any CPU
		{389B8A1E-A168-4751-9D43-6B0B6CBA760B}.Release|Any CPU.Build.0 = Release|Any CPU
		{389B8A1E-A168-4751-9D43-6B0B6CBA760B}.Release|ARM.ActiveCfg = Release|Any CPU
		{389B8A1E-A168-4751-9D43-6B0B6CBA760B}.Release|ARM.Build.0 = Release|Any CPU
		{389B8A1E-A168-4751-9D43-6B0B6CBA760B}.Release|x64.ActiveCfg = Release|Any CPU
		{389B8A1E-A168-4751-9D43-6B0B6CBA760B}.Release|x64.Build.0 = Release|Any CPU
		{389B8A1E-A168-4751-9D43-6B0B6CBA760B}.Release|x86.ActiveCfg = Release|Any CPU
		{389B8A1E-A168-4751-9D43-6B0B6CBA760B}.Release|x86.Build.0 = Release|Any CPU
		{EDA958B5-EE37-47DD-BCF6-579BE47DD6F8}.Debug|Any CPU.ActiveCfg = Debug|x86
		{EDA958B5-EE37-47DD-BCF6-579BE47DD6F8}.Debug|ARM.ActiveCfg = Debug|ARM
		{EDA958B5-EE37-47DD-BCF6-579BE47DD6F8}.Debug|ARM.Build.0 = Debug|ARM
		{EDA958B5-EE37-47DD-BCF6-579BE47DD6F8}.Debug|ARM.Deploy.0 = Debug|ARM
		{EDA958B5-EE37-47DD-BCF6-579BE47DD6F8}.Debug|x64.ActiveCfg = Debug|x64
		{EDA958B5-EE37-47DD-BCF6-579BE47DD6F8}.Debug|x64.Build.0 = Debug|x64
		{EDA958B5-EE37-47DD-BCF6-579BE47DD6F8}.Debug|x64.Deploy.0 = Debug|x64
		{EDA958B5-EE37-47DD-BCF6-579BE47DD6F8}.Debug|x86.ActiveCfg = Debug|x86
		{EDA958B5-EE37-47DD-BCF6-579BE47DD6F8}.Debug|x86.Build.0 = Debug|x86
		{EDA958B5-EE37-47DD-BCF6-579BE47DD6F8}.Debug|x86.Deploy.0 = Debug|x86
		{EDA958B5-EE37-47DD-BCF6-579BE47DD6F8}.Release|Any CPU.ActiveCfg = Release|x86
		{EDA958B5-EE37-47DD-BCF6-579BE47DD6F8}.Release|ARM.ActiveCfg = Release|ARM
		{EDA958B5-EE37-47DD-BCF6-579BE47DD6F8}.Release|ARM.Build.0 = Release|ARM
		{EDA958B5-EE37-47DD-BCF6-579BE47DD6F8}.Release|ARM.Deploy.0 = Release|ARM
		{EDA958B5-EE37-47DD-BCF6-579BE47DD6F8}.Release|x64.ActiveCfg = Release|x64
		{EDA958B5-EE37-47DD-BCF6-579BE47DD6F8}.Release|x64.Build.0 = Release|x64
		{EDA958B5-EE37-47DD-BCF6-579BE47DD6F8}.Release|x64.Deploy.0 = Release|x64
		{EDA958B5-EE37-47DD-BCF6-579BE47DD6F8}.Release|x86.ActiveCfg = Release|x86
		{EDA958B5-EE37-47DD-BCF6-579BE47DD6F8}.Release|x86.Build.0 = Release|x86
		{EDA958B5-EE37-47DD-BCF6-579BE47DD6F8}.Release|x86.Deploy.0 = Release|x86
	EndGlobalSection
	GlobalSection(SolutionProperties) = preSolution
		HideSolutionNode = FALSE
	EndGlobalSection
EndGlobal
